Microsoft Visual Studio Solution File, Format Version 12.00
# Visual Studio Version 17
VisualStudioVersion = 17.13.35919.96
MinimumVisualStudioVersion = 10.0.40219.1
Project("{FAE04EC0-301F-11D3-BF4B-00C04F79EFBC}") = "NebrasProjectAPI", "NebrasProjectAPI\NebrasProjectAPI.csproj", "{1E5BC968-A855-47CE-83F0-AAF2B55E51D5}"
EndProject
Project("{FAE04EC0-301F-11D3-BF4B-00C04F79EFBC}") = "NebrasProjectDomain", "NebrasProjectDomain\NebrasProjectDomain.csproj", "{22F32943-A397-4C25-8686-3B56B18F4F45}"
EndProject
Project("{FAE04EC0-301F-11D3-BF4B-00C04F79EFBC}") = "NebrasProjectDTOs", "NebrasProjectDTOs\NebrasProjectDTOs.csproj", "{75BD2B97-98C1-468D-8021-5F581D93B019}"
EndProject
Project("{FAE04EC0-301F-11D3-BF4B-00C04F79EFBC}") = "NebrasProjectModels", "NebrasProjectModels\NebrasProjectModels.csproj", "{94D198FD-887D-4755-A9E6-26DB5EE02B51}"
EndProject
Project("{FAE04EC0-301F-11D3-BF4B-00C04F79EFBC}") = "NebrasProjectRepository", "NebrasProjectRepository\NebrasProjectRepository.csproj", "{D1BB77BB-3521-4FE6-A076-9FEF66BFCDFC}"
EndProject
Project("{2150E333-8FDC-42A3-9474-1A3956D46DE8}") = "Solution Items", "Solution Items", "{02EA681E-C7D8-13C7-8484-4AC65E1B71E8}"
	ProjectSection(SolutionItems) = preProject
		.editorconfig = .editorconfig
	EndProjectSection
EndProject
Project("{FAE04EC0-301F-11D3-BF4B-00C04F79EFBC}") = "NebrasPhotoService", "NebrasPhotoService\NebrasPhotoService.csproj", "{E88663A6-F2A6-4CDF-9C91-1B4E731AAB8D}"
EndProject
Project("{FAE04EC0-301F-11D3-BF4B-00C04F79EFBC}") = "NebrasGateway", "NebrasGateway\NebrasGateway.csproj", "{F3E18804-6828-4DF5-9F77-C14DE73736C0}"
EndProject
Project("{2150E333-8FDC-42A3-9474-1A3956D46DE8}") = "SharedUploads", "SharedUploads", "{E9155EB5-1D10-47BA-B58A-F5B0257B0160}"
EndProject
Project("{2150E333-8FDC-42A3-9474-1A3956D46DE8}") = "uploads", "uploads", "{0BA25976-AD1D-4468-A76C-669DBEAE785D}"
EndProject
Global
	GlobalSection(SolutionConfigurationPlatforms) = preSolution
		Debug|Any CPU = Debug|Any CPU
		Release|Any CPU = Release|Any CPU
	EndGlobalSection
	GlobalSection(ProjectConfigurationPlatforms) = postSolution
		{1E5BC968-A855-47CE-83F0-AAF2B55E51D5}.Debug|Any CPU.ActiveCfg = Debug|Any CPU
		{1E5BC968-A855-47CE-83F0-AAF2B55E51D5}.Debug|Any CPU.Build.0 = Debug|Any CPU
		{1E5BC968-A855-47CE-83F0-AAF2B55E51D5}.Release|Any CPU.ActiveCfg = Release|Any CPU
		{1E5BC968-A855-47CE-83F0-AAF2B55E51D5}.Release|Any CPU.Build.0 = Release|Any CPU
		{22F32943-A397-4C25-8686-3B56B18F4F45}.Debug|Any CPU.ActiveCfg = Debug|Any CPU
		{22F32943-A397-4C25-8686-3B56B18F4F45}.Debug|Any CPU.Build.0 = Debug|Any CPU
		{22F32943-A397-4C25-8686-3B56B18F4F45}.Release|Any CPU.ActiveCfg = Release|Any CPU
		{22F32943-A397-4C25-8686-3B56B18F4F45}.Release|Any CPU.Build.0 = Release|Any CPU
		{75BD2B97-98C1-468D-8021-5F581D93B019}.Debug|Any CPU.ActiveCfg = Debug|Any CPU
		{75BD2B97-98C1-468D-8021-5F581D93B019}.Debug|Any CPU.Build.0 = Debug|Any CPU
		{75BD2B97-98C1-468D-8021-5F581D93B019}.Release|Any CPU.ActiveCfg = Release|Any CPU
		{75BD2B97-98C1-468D-8021-5F581D93B019}.Release|Any CPU.Build.0 = Release|Any CPU
		{94D198FD-887D-4755-A9E6-26DB5EE02B51}.Debug|Any CPU.ActiveCfg = Debug|Any CPU
		{94D198FD-887D-4755-A9E6-26DB5EE02B51}.Debug|Any CPU.Build.0 = Debug|Any CPU
		{94D198FD-887D-4755-A9E6-26DB5EE02B51}.Release|Any CPU.ActiveCfg = Release|Any CPU
		{94D198FD-887D-4755-A9E6-26DB5EE02B51}.Release|Any CPU.Build.0 = Release|Any CPU
		{D1BB77BB-3521-4FE6-A076-9FEF66BFCDFC}.Debug|Any CPU.ActiveCfg = Debug|Any CPU
		{D1BB77BB-3521-4FE6-A076-9FEF66BFCDFC}.Debug|Any CPU.Build.0 = Debug|Any CPU
		{D1BB77BB-3521-4FE6-A076-9FEF66BFCDFC}.Release|Any CPU.ActiveCfg = Release|Any CPU
		{D1BB77BB-3521-4FE6-A076-9FEF66BFCDFC}.Release|Any CPU.Build.0 = Release|Any CPU
		{E88663A6-F2A6-4CDF-9C91-1B4E731AAB8D}.Debug|Any CPU.ActiveCfg = Debug|Any CPU
		{E88663A6-F2A6-4CDF-9C91-1B4E731AAB8D}.Debug|Any CPU.Build.0 = Debug|Any CPU
		{E88663A6-F2A6-4CDF-9C91-1B4E731AAB8D}.Release|Any CPU.ActiveCfg = Release|Any CPU
		{E88663A6-F2A6-4CDF-9C91-1B4E731AAB8D}.Release|Any CPU.Build.0 = Release|Any CPU
		{F3E18804-6828-4DF5-9F77-C14DE73736C0}.Debug|Any CPU.ActiveCfg = Debug|Any CPU
		{F3E18804-6828-4DF5-9F77-C14DE73736C0}.Debug|Any CPU.Build.0 = Debug|Any CPU
		{F3E18804-6828-4DF5-9F77-C14DE73736C0}.Release|Any CPU.ActiveCfg = Release|Any CPU
		{F3E18804-6828-4DF5-9F77-C14DE73736C0}.Release|Any CPU.Build.0 = Release|Any CPU
	EndGlobalSection
	GlobalSection(SolutionProperties) = preSolution
		HideSolutionNode = FALSE
	EndGlobalSection
	GlobalSection(NestedProjects) = preSolution
		{0BA25976-AD1D-4468-A76C-669DBEAE785D} = {E9155EB5-1D10-47BA-B58A-F5B0257B0160}
	EndGlobalSection
	GlobalSection(ExtensibilityGlobals) = postSolution
		SolutionGuid = {41762F8A-887A-41F8-9598-ABDB325AD975}
	EndGlobalSection
EndGlobal
